
Microsoft Visual Studio Solution File, Format Version 12.00
# Visual Studio Version 16
VisualStudioVersion = 16.0.31424.327
MinimumVisualStudioVersion = 10.0.40219.1
Project("{FAE04EC0-301F-11D3-BF4B-00C04F79EFBC}") = "Proto Engine", "Proto Engine\Proto Engine.csproj", "{614332A5-B9E9-45C6-AE79-00EDD1271B70}"
EndProject
Global
	GlobalSection(SolutionConfigurationPlatforms) = preSolution
		Debug|Any CPU = Debug|Any CPU
		Release|Any CPU = Release|Any CPU
	EndGlobalSection
	GlobalSection(ProjectConfigurationPlatforms) = postSolution
		{614332A5-B9E9-45C6-AE79-00EDD1271B70}.Debug|Any CPU.ActiveCfg = Debug|Any CPU
		{614332A5-B9E9-45C6-AE79-00EDD1271B70}.Debug|Any CPU.Build.0 = Debug|Any CPU
		{614332A5-B9E9-45C6-AE79-00EDD1271B70}.Release|Any CPU.ActiveCfg = Release|Any CPU
		{614332A5-B9E9-45C6-AE79-00EDD1271B70}.Release|Any CPU.Build.0 = Release|Any CPU
	EndGlobalSection
	GlobalSection(SolutionProperties) = preSolution
		HideSolutionNode = FALSE
	EndGlobalSection
	GlobalSection(ExtensibilityGlobals) = postSolution
		SolutionGuid = {77F9BD1B-1326-4301-B3A0-6437F5BA6843}
	EndGlobalSection
EndGlobal
